{
  "name": "queueFlooder",
  "version": "1.0.0",
  "lockfileVersion": 2,
  "requires": true,
  "packages": {
    "": {
      "name": "queueFlooder",
      "version": "1.0.0",
      "license": "ISC",
      "dependencies": {
        "buzzphrase": "^3.1.0",
        "p-limit": "^4.0.0",
        "short-unique-id": "^4.4.4",
        "undici": "^5.8.0"
      }
    },
    "node_modules/buzzphrase": {
      "version": "3.1.0",
      "resolved": "https://registry.npmjs.org/buzzphrase/-/buzzphrase-3.1.0.tgz",
      "integrity": "sha512-3KPQt8Su92Me+ZoAkPGfAlUmBWS3cdsu2R9RbOSLk01RSxavD6a6tn2An5C2GR/uRnzzk9CYX6g8i3W/FkrNow==",
      "bin": {
        "buzzphrase": "bin.js"
      },
      "engines": {
        "node": ">=14.0.0"
      }
    },
    "node_modules/p-limit": {
      "version": "4.0.0",
      "resolved": "https://registry.npmjs.org/p-limit/-/p-limit-4.0.0.tgz",
      "integrity": "sha512-5b0R4txpzjPWVw/cXXUResoD4hb6U/x9BH08L7nw+GN1sezDzPdxeRvpc9c433fZhBan/wusjbCsqwqm4EIBIQ==",
      "dependencies": {
        "yocto-queue": "^1.0.0"
      },
      "engines": {
        "node": "^12.20.0 || ^14.13.1 || >=16.0.0"
      },
      "funding": {
        "url": "https://github.com/sponsors/sindresorhus"
      }
    },
    "node_modules/short-unique-id": {
      "version": "4.4.4",
      "resolved": "https://registry.npmjs.org/short-unique-id/-/short-unique-id-4.4.4.tgz",
      "integrity": "sha512-oLF1NCmtbiTWl2SqdXZQbo5KM1b7axdp0RgQLq8qCBBLoq+o3A5wmLrNM6bZIh54/a8BJ3l69kTXuxwZ+XCYuw==",
      "bin": {
        "short-unique-id": "bin/short-unique-id",
        "suid": "bin/short-unique-id"
      }
    },
    "node_modules/undici": {
      "version": "5.8.0",
      "resolved": "https://registry.npmjs.org/undici/-/undici-5.8.0.tgz",
      "integrity": "sha512-1F7Vtcez5w/LwH2G2tGnFIihuWUlc58YidwLiCv+jR2Z50x0tNXpRRw7eOIJ+GvqCqIkg9SB7NWAJ/T9TLfv8Q==",
      "engines": {
        "node": ">=12.18"
      }
    },
    "node_modules/yocto-queue": {
      "version": "1.0.0",
      "resolved": "https://registry.npmjs.org/yocto-queue/-/yocto-queue-1.0.0.tgz",
      "integrity": "sha512-9bnSc/HEW2uRy67wc+T8UwauLuPJVn28jb+GtJY16iiKWyvmYJRXVT4UamsAEGQfPohgr2q4Tq0sQbQlxTfi1g==",
      "engines": {
        "node": ">=12.20"
      },
      "funding": {
        "url": "https://github.com/sponsors/sindresorhus"
      }
    }
  },
  "dependencies": {
    "buzzphrase": {
      "version": "3.1.0",
      "resolved": "https://registry.npmjs.org/buzzphrase/-/buzzphrase-3.1.0.tgz",
      "integrity": "sha512-3KPQt8Su92Me+ZoAkPGfAlUmBWS3cdsu2R9RbOSLk01RSxavD6a6tn2An5C2GR/uRnzzk9CYX6g8i3W/FkrNow=="
    },
    "p-limit": {
      "version": "4.0.0",
      "resolved": "https://registry.npmjs.org/p-limit/-/p-limit-4.0.0.tgz",
      "integrity": "sha512-5b0R4txpzjPWVw/cXXUResoD4hb6U/x9BH08L7nw+GN1sezDzPdxeRvpc9c433fZhBan/wusjbCsqwqm4EIBIQ==",
      "requires": {
        "yocto-queue": "^1.0.0"
      }
    },
    "short-unique-id": {
      "version": "4.4.4",
      "resolved": "https://registry.npmjs.org/short-unique-id/-/short-unique-id-4.4.4.tgz",
      "integrity": "sha512-oLF1NCmtbiTWl2SqdXZQbo5KM1b7axdp0RgQLq8qCBBLoq+o3A5wmLrNM6bZIh54/a8BJ3l69kTXuxwZ+XCYuw=="
    },
    "undici": {
      "version": "5.8.0",
      "resolved": "https://registry.npmjs.org/undici/-/undici-5.8.0.tgz",
      "integrity": "sha512-1F7Vtcez5w/LwH2G2tGnFIihuWUlc58YidwLiCv+jR2Z50x0tNXpRRw7eOIJ+GvqCqIkg9SB7NWAJ/T9TLfv8Q=="
    },
    "yocto-queue": {
      "version": "1.0.0",
      "resolved": "https://registry.npmjs.org/yocto-queue/-/yocto-queue-1.0.0.tgz",
      "integrity": "sha512-9bnSc/HEW2uRy67wc+T8UwauLuPJVn28jb+GtJY16iiKWyvmYJRXVT4UamsAEGQfPohgr2q4Tq0sQbQlxTfi1g=="
    }
  }
}
