{
  "name": "queueFlooder",
  "version": "1.0.0",
  "lockfileVersion": 1,
  "requires": true,
  "dependencies": {
    "buzzphrase": {
      "version": "3.1.0",
      "resolved": "https://registry.npmjs.org/buzzphrase/-/buzzphrase-3.1.0.tgz",
      "integrity": "sha512-3KPQt8Su92Me+ZoAkPGfAlUmBWS3cdsu2R9RbOSLk01RSxavD6a6tn2An5C2GR/uRnzzk9CYX6g8i3W/FkrNow=="
    },
    "short-unique-id": {
      "version": "4.4.4",
      "resolved": "https://registry.npmjs.org/short-unique-id/-/short-unique-id-4.4.4.tgz",
      "integrity": "sha512-oLF1NCmtbiTWl2SqdXZQbo5KM1b7axdp0RgQLq8qCBBLoq+o3A5wmLrNM6bZIh54/a8BJ3l69kTXuxwZ+XCYuw=="
    },
    "undici": {
      "version": "4.7.0",
      "resolved": "https://registry.npmjs.org/undici/-/undici-4.7.0.tgz",
      "integrity": "sha512-O1q+/EIs4g0HnVMH8colei3qODGiYBLpavWYv3kI+JazBBsBIndnZfUqZ2MEfPJ12H9d56yVdwZG1/nV/xcoSQ=="
    }
  }
}
