# THIS IS AN AUTOGENERATED FILE. DO NOT EDIT THIS FILE DIRECTLY.
# yarn lockfile v1


"buzzphrase@^3.1.0":
  "integrity" "sha512-3KPQt8Su92Me+ZoAkPGfAlUmBWS3cdsu2R9RbOSLk01RSxavD6a6tn2An5C2GR/uRnzzk9CYX6g8i3W/FkrNow=="
  "resolved" "https://registry.npmjs.org/buzzphrase/-/buzzphrase-3.1.0.tgz"
  "version" "3.1.0"

"p-limit@^4.0.0":
  "integrity" "sha512-5b0R4txpzjPWVw/cXXUResoD4hb6U/x9BH08L7nw+GN1sezDzPdxeRvpc9c433fZhBan/wusjbCsqwqm4EIBIQ=="
  "resolved" "https://registry.npmjs.org/p-limit/-/p-limit-4.0.0.tgz"
  "version" "4.0.0"
  dependencies:
    "yocto-queue" "^1.0.0"

"short-unique-id@^4.4.4":
  "integrity" "sha512-oLF1NCmtbiTWl2SqdXZQbo5KM1b7axdp0RgQLq8qCBBLoq+o3A5wmLrNM6bZIh54/a8BJ3l69kTXuxwZ+XCYuw=="
  "resolved" "https://registry.npmjs.org/short-unique-id/-/short-unique-id-4.4.4.tgz"
  "version" "4.4.4"

"undici@^4.7.0":
  "integrity" "sha512-O1q+/EIs4g0HnVMH8colei3qODGiYBLpavWYv3kI+JazBBsBIndnZfUqZ2MEfPJ12H9d56yVdwZG1/nV/xcoSQ=="
  "resolved" "https://registry.npmjs.org/undici/-/undici-4.7.0.tgz"
  "version" "4.7.0"

"yocto-queue@^1.0.0":
  "integrity" "sha512-9bnSc/HEW2uRy67wc+T8UwauLuPJVn28jb+GtJY16iiKWyvmYJRXVT4UamsAEGQfPohgr2q4Tq0sQbQlxTfi1g=="
  "resolved" "https://registry.npmjs.org/yocto-queue/-/yocto-queue-1.0.0.tgz"
  "version" "1.0.0"
